
Microsoft Visual Studio Solution File, Format Version 12.00
# Visual Studio Version 17
VisualStudioVersion = 17.1.32319.34
MinimumVisualStudioVersion = 10.0.40219.1
Project("{FAE04EC0-301F-11D3-BF4B-00C04F79EFBC}") = "BankCard", "BankCard\BankCard.csproj", "{3821E9C8-FEAE-4129-9EEA-CF85C0DD7E29}"
EndProject
Global
	GlobalSection(SolutionConfigurationPlatforms) = preSolution
		Debug|Any CPU = Debug|Any CPU
		Release|Any CPU = Release|Any CPU
	EndGlobalSection
	GlobalSection(ProjectConfigurationPlatforms) = postSolution
		{3821E9C8-FEAE-4129-9EEA-CF85C0DD7E29}.Debug|Any CPU.ActiveCfg = Debug|Any CPU
		{3821E9C8-FEAE-4129-9EEA-CF85C0DD7E29}.Debug|Any CPU.Build.0 = Debug|Any CPU
		{3821E9C8-FEAE-4129-9EEA-CF85C0DD7E29}.Release|Any CPU.ActiveCfg = Release|Any CPU
		{3821E9C8-FEAE-4129-9EEA-CF85C0DD7E29}.Release|Any CPU.Build.0 = Release|Any CPU
	EndGlobalSection
	GlobalSection(SolutionProperties) = preSolution
		HideSolutionNode = FALSE
	EndGlobalSection
	GlobalSection(ExtensibilityGlobals) = postSolution
		SolutionGuid = {52992019-9FBE-4822-BA94-E2AAA58C4DA8}
	EndGlobalSection
EndGlobal
